// !$*UTF8*$!
{
	archiveVersion = 1;
	classes = {
	};
	objectVersion = 55;
	objects = {

/* Begin PBXBuildFile section */
		1F2993D7286D9F5100A044F7 /* LiarGameApp.swift in Sources */ = {isa = PBXBuildFile; fileRef = 1F2993D6286D9F5100A044F7 /* LiarGameApp.swift */; };
		1F2993D9286D9F5100A044F7 /* ContentView.swift in Sources */ = {isa = PBXBuildFile; fileRef = 1F2993D8286D9F5100A044F7 /* ContentView.swift */; };
		1F2993DB286D9F5300A044F7 /* Assets.xcassets in Resources */ = {isa = PBXBuildFile; fileRef = 1F2993DA286D9F5300A044F7 /* Assets.xcassets */; };
		1F2993DE286D9F5300A044F7 /* Preview Assets.xcassets in Resources */ = {isa = PBXBuildFile; fileRef = 1F2993DD286D9F5300A044F7 /* Preview Assets.xcassets */; };
		1F2993E5286D9FB200A044F7 /* SettingView.swift in Sources */ = {isa = PBXBuildFile; fileRef = 1F2993E4286D9FB200A044F7 /* SettingView.swift */; };
		1F29940A286EDBD000A044F7 /* Data.swift in Sources */ = {isa = PBXBuildFile; fileRef = 1F299409286EDBD000A044F7 /* Data.swift */; };
		1F29940C286EDD9200A044F7 /* GameView.swift in Sources */ = {isa = PBXBuildFile; fileRef = 1F29940B286EDD9200A044F7 /* GameView.swift */; };
		1F29940E286F0A5500A044F7 /* ChoiceView.swift in Sources */ = {isa = PBXBuildFile; fileRef = 1F29940D286F0A5500A044F7 /* ChoiceView.swift */; };
		1F6856792872ED02002AA0D4 /* ResultView.swift in Sources */ = {isa = PBXBuildFile; fileRef = 1F6856782872ED02002AA0D4 /* ResultView.swift */; };
		1F68567B2873093D002AA0D4 /* LottieView.swift in Sources */ = {isa = PBXBuildFile; fileRef = 1F68567A2873093D002AA0D4 /* LottieView.swift */; };
		1F68567E28730A53002AA0D4 /* Lottie in Frameworks */ = {isa = PBXBuildFile; productRef = 1F68567D28730A53002AA0D4 /* Lottie */; };
		1F685682287311A9002AA0D4 /* lose.json in Resources */ = {isa = PBXBuildFile; fileRef = 1F685681287311A9002AA0D4 /* lose.json */; };
		1F68568428731270002AA0D4 /* celebration.json in Resources */ = {isa = PBXBuildFile; fileRef = 1F68568328731270002AA0D4 /* celebration.json */; };
		1F68568628731697002AA0D4 /* LastChanceView.swift in Sources */ = {isa = PBXBuildFile; fileRef = 1F68568528731697002AA0D4 /* LastChanceView.swift */; };
		1F68568828734730002AA0D4 /* wrong.json in Resources */ = {isa = PBXBuildFile; fileRef = 1F68568728734730002AA0D4 /* wrong.json */; };
/* End PBXBuildFile section */

/* Begin PBXFileReference section */
		1F2993D3286D9F5100A044F7 /* LiarGame.app */ = {isa = PBXFileReference; explicitFileType = wrapper.application; includeInIndex = 0; path = LiarGame.app; sourceTree = BUILT_PRODUCTS_DIR; };
		1F2993D6286D9F5100A044F7 /* LiarGameApp.swift */ = {isa = PBXFileReference; lastKnownFileType = sourcecode.swift; path = LiarGameApp.swift; sourceTree = "<group>"; };
		1F2993D8286D9F5100A044F7 /* ContentView.swift */ = {isa = PBXFileReference; lastKnownFileType = sourcecode.swift; path = ContentView.swift; sourceTree = "<group>"; };
		1F2993DA286D9F5300A044F7 /* Assets.xcassets */ = {isa = PBXFileReference; lastKnownFileType = folder.assetcatalog; path = Assets.xcassets; sourceTree = "<group>"; };
		1F2993DD286D9F5300A044F7 /* Preview Assets.xcassets */ = {isa = PBXFileReference; lastKnownFileType = folder.assetcatalog; path = "Preview Assets.xcassets"; sourceTree = "<group>"; };
		1F2993E4286D9FB200A044F7 /* SettingView.swift */ = {isa = PBXFileReference; lastKnownFileType = sourcecode.swift; path = SettingView.swift; sourceTree = "<group>"; };
		1F299409286EDBD000A044F7 /* Data.swift */ = {isa = PBXFileReference; lastKnownFileType = sourcecode.swift; path = Data.swift; sourceTree = "<group>"; };
		1F29940B286EDD9200A044F7 /* GameView.swift */ = {isa = PBXFileReference; lastKnownFileType = sourcecode.swift; path = GameView.swift; sourceTree = "<group>"; };
		1F29940D286F0A5500A044F7 /* ChoiceView.swift */ = {isa = PBXFileReference; lastKnownFileType = sourcecode.swift; path = ChoiceView.swift; sourceTree = "<group>"; };
		1F6856782872ED02002AA0D4 /* ResultView.swift */ = {isa = PBXFileReference; lastKnownFileType = sourcecode.swift; path = ResultView.swift; sourceTree = "<group>"; };
		1F68567A2873093D002AA0D4 /* LottieView.swift */ = {isa = PBXFileReference; lastKnownFileType = sourcecode.swift; path = LottieView.swift; sourceTree = "<group>"; };
		1F685681287311A9002AA0D4 /* lose.json */ = {isa = PBXFileReference; fileEncoding = 4; lastKnownFileType = text.json; path = lose.json; sourceTree = "<group>"; };
		1F68568328731270002AA0D4 /* celebration.json */ = {isa = PBXFileReference; fileEncoding = 4; lastKnownFileType = text.json; path = celebration.json; sourceTree = "<group>"; };
		1F68568528731697002AA0D4 /* LastChanceView.swift */ = {isa = PBXFileReference; lastKnownFileType = sourcecode.swift; path = LastChanceView.swift; sourceTree = "<group>"; };
		1F68568728734730002AA0D4 /* wrong.json */ = {isa = PBXFileReference; fileEncoding = 4; lastKnownFileType = text.json; path = wrong.json; sourceTree = "<group>"; };
/* End PBXFileReference section */

/* Begin PBXFrameworksBuildPhase section */
		1F2993D0286D9F5100A044F7 /* Frameworks */ = {
			isa = PBXFrameworksBuildPhase;
			buildActionMask = 2147483647;
			files = (
				1F68567E28730A53002AA0D4 /* Lottie in Frameworks */,
			);
			runOnlyForDeploymentPostprocessing = 0;
		};
/* End PBXFrameworksBuildPhase section */

/* Begin PBXGroup section */
		1F2993CA286D9F5100A044F7 = {
			isa = PBXGroup;
			children = (
				1F2993D5286D9F5100A044F7 /* LiarGame */,
				1F2993D4286D9F5100A044F7 /* Products */,
			);
			sourceTree = "<group>";
		};
		1F2993D4286D9F5100A044F7 /* Products */ = {
			isa = PBXGroup;
			children = (
				1F2993D3286D9F5100A044F7 /* LiarGame.app */,
			);
			name = Products;
			sourceTree = "<group>";
		};
		1F2993D5286D9F5100A044F7 /* LiarGame */ = {
			isa = PBXGroup;
			children = (
				1F68568728734730002AA0D4 /* wrong.json */,
				1F68568328731270002AA0D4 /* celebration.json */,
				1F685681287311A9002AA0D4 /* lose.json */,
				1F2993D6286D9F5100A044F7 /* LiarGameApp.swift */,
				1F2993D8286D9F5100A044F7 /* ContentView.swift */,
				1F2993E4286D9FB200A044F7 /* SettingView.swift */,
				1F29940B286EDD9200A044F7 /* GameView.swift */,
				1F29940D286F0A5500A044F7 /* ChoiceView.swift */,
				1F6856782872ED02002AA0D4 /* ResultView.swift */,
				1F68568528731697002AA0D4 /* LastChanceView.swift */,
				1F68567A2873093D002AA0D4 /* LottieView.swift */,
				1F299409286EDBD000A044F7 /* Data.swift */,
				1F2993DA286D9F5300A044F7 /* Assets.xcassets */,
				1F2993DC286D9F5300A044F7 /* Preview Content */,
			);
			path = LiarGame;
			sourceTree = "<group>";
		};
		1F2993DC286D9F5300A044F7 /* Preview Content */ = {
			isa = PBXGroup;
			children = (
				1F2993DD286D9F5300A044F7 /* Preview Assets.xcassets */,
			);
			path = "Preview Content";
			sourceTree = "<group>";
		};
/* End PBXGroup section */

/* Begin PBXNativeTarget section */
		1F2993D2286D9F5100A044F7 /* LiarGame */ = {
			isa = PBXNativeTarget;
			buildConfigurationList = 1F2993E1286D9F5300A044F7 /* Build configuration list for PBXNativeTarget "LiarGame" */;
			buildPhases = (
				1F2993CF286D9F5100A044F7 /* Sources */,
				1F2993D0286D9F5100A044F7 /* Frameworks */,
				1F2993D1286D9F5100A044F7 /* Resources */,
			);
			buildRules = (
			);
			dependencies = (
			);
			name = LiarGame;
			packageProductDependencies = (
				1F68567D28730A53002AA0D4 /* Lottie */,
			);
			productName = LiarGame;
			productReference = 1F2993D3286D9F5100A044F7 /* LiarGame.app */;
			productType = "com.apple.product-type.application";
		};
/* End PBXNativeTarget section */

/* Begin PBXProject section */
		1F2993CB286D9F5100A044F7 /* Project object */ = {
			isa = PBXProject;
			attributes = {
				BuildIndependentTargetsInParallel = 1;
				LastSwiftUpdateCheck = 1340;
				LastUpgradeCheck = 1340;
				TargetAttributes = {
					1F2993D2286D9F5100A044F7 = {
						CreatedOnToolsVersion = 13.4;
					};
				};
			};
			buildConfigurationList = 1F2993CE286D9F5100A044F7 /* Build configuration list for PBXProject "LiarGame" */;
			compatibilityVersion = "Xcode 13.0";
			developmentRegion = en;
			hasScannedForEncodings = 0;
			knownRegions = (
				en,
				Base,
			);
			mainGroup = 1F2993CA286D9F5100A044F7;
			packageReferences = (
				1F68567C28730A53002AA0D4 /* XCRemoteSwiftPackageReference "lottie-ios" */,
			);
			productRefGroup = 1F2993D4286D9F5100A044F7 /* Products */;
			projectDirPath = "";
			projectRoot = "";
			targets = (
				1F2993D2286D9F5100A044F7 /* LiarGame */,
			);
		};
/* End PBXProject section */

/* Begin PBXResourcesBuildPhase section */
		1F2993D1286D9F5100A044F7 /* Resources */ = {
			isa = PBXResourcesBuildPhase;
			buildActionMask = 2147483647;
			files = (
				1F68568828734730002AA0D4 /* wrong.json in Resources */,
				1F68568428731270002AA0D4 /* celebration.json in Resources */,
				1F685682287311A9002AA0D4 /* lose.json in Resources */,
				1F2993DE286D9F5300A044F7 /* Preview Assets.xcassets in Resources */,
				1F2993DB286D9F5300A044F7 /* Assets.xcassets in Resources */,
			);
			runOnlyForDeploymentPostprocessing = 0;
		};
/* End PBXResourcesBuildPhase section */

/* Begin PBXSourcesBuildPhase section */
		1F2993CF286D9F5100A044F7 /* Sources */ = {
			isa = PBXSourcesBuildPhase;
			buildActionMask = 2147483647;
			files = (
				1F2993E5286D9FB200A044F7 /* SettingView.swift in Sources */,
				1F29940E286F0A5500A044F7 /* ChoiceView.swift in Sources */,
				1F2993D9286D9F5100A044F7 /* ContentView.swift in Sources */,
				1F2993D7286D9F5100A044F7 /* LiarGameApp.swift in Sources */,
				1F29940A286EDBD000A044F7 /* Data.swift in Sources */,
				1F6856792872ED02002AA0D4 /* ResultView.swift in Sources */,
				1F29940C286EDD9200A044F7 /* GameView.swift in Sources */,
				1F68567B2873093D002AA0D4 /* LottieView.swift in Sources */,
				1F68568628731697002AA0D4 /* LastChanceView.swift in Sources */,
			);
			runOnlyForDeploymentPostprocessing = 0;
		};
/* End PBXSourcesBuildPhase section */

/* Begin XCBuildConfiguration section */
		1F2993DF286D9F5300A044F7 /* Debug */ = {
			isa = XCBuildConfiguration;
			buildSettings = {
				ALWAYS_SEARCH_USER_PATHS = NO;
				CLANG_ANALYZER_NONNULL = YES;
				CLANG_ANALYZER_NUMBER_OBJECT_CONVERSION = YES_AGGRESSIVE;
				CLANG_CXX_LANGUAGE_STANDARD = "gnu++17";
				CLANG_ENABLE_MODULES = YES;
				CLANG_ENABLE_OBJC_ARC = YES;
				CLANG_ENABLE_OBJC_WEAK = YES;
				CLANG_WARN_BLOCK_CAPTURE_AUTORELEASING = YES;
				CLANG_WARN_BOOL_CONVERSION = YES;
				CLANG_WARN_COMMA = YES;
				CLANG_WARN_CONSTANT_CONVERSION = YES;
				CLANG_WARN_DEPRECATED_OBJC_IMPLEMENTATIONS = YES;
				CLANG_WARN_DIRECT_OBJC_ISA_USAGE = YES_ERROR;
				CLANG_WARN_DOCUMENTATION_COMMENTS = YES;
				CLANG_WARN_EMPTY_BODY = YES;
				CLANG_WARN_ENUM_CONVERSION = YES;
				CLANG_WARN_INFINITE_RECURSION = YES;
				CLANG_WARN_INT_CONVERSION = YES;
				CLANG_WARN_NON_LITERAL_NULL_CONVERSION = YES;
				CLANG_WARN_OBJC_IMPLICIT_RETAIN_SELF = YES;
				CLANG_WARN_OBJC_LITERAL_CONVERSION = YES;
				CLANG_WARN_OBJC_ROOT_CLASS = YES_ERROR;
				CLANG_WARN_QUOTED_INCLUDE_IN_FRAMEWORK_HEADER = YES;
				CLANG_WARN_RANGE_LOOP_ANALYSIS = YES;
				CLANG_WARN_STRICT_PROTOTYPES = YES;
				CLANG_WARN_SUSPICIOUS_MOVE = YES;
				CLANG_WARN_UNGUARDED_AVAILABILITY = YES_AGGRESSIVE;
				CLANG_WARN_UNREACHABLE_CODE = YES;
				CLANG_WARN__DUPLICATE_METHOD_MATCH = YES;
				COPY_PHASE_STRIP = NO;
				DEBUG_INFORMATION_FORMAT = dwarf;
				ENABLE_STRICT_OBJC_MSGSEND = YES;
				ENABLE_TESTABILITY = YES;
				GCC_C_LANGUAGE_STANDARD = gnu11;
				GCC_DYNAMIC_NO_PIC = NO;
				GCC_NO_COMMON_BLOCKS = YES;
				GCC_OPTIMIZATION_LEVEL = 0;
				GCC_PREPROCESSOR_DEFINITIONS = (
					"DEBUG=1",
					"$(inherited)",
				);
				GCC_WARN_64_TO_32_BIT_CONVERSION = YES;
				GCC_WARN_ABOUT_RETURN_TYPE = YES_ERROR;
				GCC_WARN_UNDECLARED_SELECTOR = YES;
				GCC_WARN_UNINITIALIZED_AUTOS = YES_AGGRESSIVE;
				GCC_WARN_UNUSED_FUNCTION = YES;
				GCC_WARN_UNUSED_VARIABLE = YES;
				IPHONEOS_DEPLOYMENT_TARGET = 15.5;
				MTL_ENABLE_DEBUG_INFO = INCLUDE_SOURCE;
				MTL_FAST_MATH = YES;
				ONLY_ACTIVE_ARCH = YES;
				SDKROOT = iphoneos;
				SWIFT_ACTIVE_COMPILATION_CONDITIONS = DEBUG;
				SWIFT_OPTIMIZATION_LEVEL = "-Onone";
			};
			name = Debug;
		};
		1F2993E0286D9F5300A044F7 /* Release */ = {
			isa = XCBuildConfiguration;
			buildSettings = {
				ALWAYS_SEARCH_USER_PATHS = NO;
				CLANG_ANALYZER_NONNULL = YES;
				CLANG_ANALYZER_NUMBER_OBJECT_CONVERSION = YES_AGGRESSIVE;
				CLANG_CXX_LANGUAGE_STANDARD = "gnu++17";
				CLANG_ENABLE_MODULES = YES;
				CLANG_ENABLE_OBJC_ARC = YES;
				CLANG_ENABLE_OBJC_WEAK = YES;
				CLANG_WARN_BLOCK_CAPTURE_AUTORELEASING = YES;
				CLANG_WARN_BOOL_CONVERSION = YES;
				CLANG_WARN_COMMA = YES;
				CLANG_WARN_CONSTANT_CONVERSION = YES;
				CLANG_WARN_DEPRECATED_OBJC_IMPLEMENTATIONS = YES;
				CLANG_WARN_DIRECT_OBJC_ISA_USAGE = YES_ERROR;
				CLANG_WARN_DOCUMENTATION_COMMENTS = YES;
				CLANG_WARN_EMPTY_BODY = YES;
				CLANG_WARN_ENUM_CONVERSION = YES;
				CLANG_WARN_INFINITE_RECURSION = YES;
				CLANG_WARN_INT_CONVERSION = YES;
				CLANG_WARN_NON_LITERAL_NULL_CONVERSION = YES;
				CLANG_WARN_OBJC_IMPLICIT_RETAIN_SELF = YES;
				CLANG_WARN_OBJC_LITERAL_CONVERSION = YES;
				CLANG_WARN_OBJC_ROOT_CLASS = YES_ERROR;
				CLANG_WARN_QUOTED_INCLUDE_IN_FRAMEWORK_HEADER = YES;
				CLANG_WARN_RANGE_LOOP_ANALYSIS = YES;
				CLANG_WARN_STRICT_PROTOTYPES = YES;
				CLANG_WARN_SUSPICIOUS_MOVE = YES;
				CLANG_WARN_UNGUARDED_AVAILABILITY = YES_AGGRESSIVE;
				CLANG_WARN_UNREACHABLE_CODE = YES;
				CLANG_WARN__DUPLICATE_METHOD_MATCH = YES;
				COPY_PHASE_STRIP = NO;
				DEBUG_INFORMATION_FORMAT = "dwarf-with-dsym";
				ENABLE_NS_ASSERTIONS = NO;
				ENABLE_STRICT_OBJC_MSGSEND = YES;
				GCC_C_LANGUAGE_STANDARD = gnu11;
				GCC_NO_COMMON_BLOCKS = YES;
				GCC_WARN_64_TO_32_BIT_CONVERSION = YES;
				GCC_WARN_ABOUT_RETURN_TYPE = YES_ERROR;
				GCC_WARN_UNDECLARED_SELECTOR = YES;
				GCC_WARN_UNINITIALIZED_AUTOS = YES_AGGRESSIVE;
				GCC_WARN_UNUSED_FUNCTION = YES;
				GCC_WARN_UNUSED_VARIABLE = YES;
				IPHONEOS_DEPLOYMENT_TARGET = 15.5;
				MTL_ENABLE_DEBUG_INFO = NO;
				MTL_FAST_MATH = YES;
				SDKROOT = iphoneos;
				SWIFT_COMPILATION_MODE = wholemodule;
				SWIFT_OPTIMIZATION_LEVEL = "-O";
				VALIDATE_PRODUCT = YES;
			};
			name = Release;
		};
		1F2993E2286D9F5300A044F7 /* Debug */ = {
			isa = XCBuildConfiguration;
			buildSettings = {
				ASSETCATALOG_COMPILER_APPICON_NAME = AppIcon;
				ASSETCATALOG_COMPILER_GLOBAL_ACCENT_COLOR_NAME = AccentColor;
				CODE_SIGN_STYLE = Automatic;
				CURRENT_PROJECT_VERSION = 2;
				DEVELOPMENT_ASSET_PATHS = "\"LiarGame/Preview Content\"";
				DEVELOPMENT_TEAM = G3RC7ALRKZ;
				ENABLE_PREVIEWS = YES;
				GENERATE_INFOPLIST_FILE = YES;
				INFOPLIST_KEY_CFBundleDisplayName = "라이어게임";
				INFOPLIST_KEY_LSApplicationCategoryType = "public.app-category.family-games";
				INFOPLIST_KEY_UIApplicationSceneManifest_Generation = YES;
				INFOPLIST_KEY_UIApplicationSupportsIndirectInputEvents = YES;
				INFOPLIST_KEY_UILaunchScreen_Generation = YES;
				INFOPLIST_KEY_UISupportedInterfaceOrientations = UIInterfaceOrientationPortrait;
				INFOPLIST_KEY_UISupportedInterfaceOrientations_iPad = "UIInterfaceOrientationLandscapeLeft UIInterfaceOrientationLandscapeRight UIInterfaceOrientationPortrait UIInterfaceOrientationPortraitUpsideDown";
				LD_RUNPATH_SEARCH_PATHS = (
					"$(inherited)",
					"@executable_path/Frameworks",
				);
				MARKETING_VERSION = 1.1;
				PRODUCT_BUNDLE_IDENTIFIER = minseong.LiarGame;
				PRODUCT_NAME = "$(TARGET_NAME)";
				SWIFT_EMIT_LOC_STRINGS = YES;
				SWIFT_VERSION = 5.0;
				TARGETED_DEVICE_FAMILY = "1,2";
			};
			name = Debug;
		};
		1F2993E3286D9F5300A044F7 /* Release */ = {
			isa = XCBuildConfiguration;
			buildSettings = {
				ASSETCATALOG_COMPILER_APPICON_NAME = AppIcon;
				ASSETCATALOG_COMPILER_GLOBAL_ACCENT_COLOR_NAME = AccentColor;
				CODE_SIGN_STYLE = Automatic;
				CURRENT_PROJECT_VERSION = 2;
				DEVELOPMENT_ASSET_PATHS = "\"LiarGame/Preview Content\"";
				DEVELOPMENT_TEAM = G3RC7ALRKZ;
				ENABLE_PREVIEWS = YES;
				GENERATE_INFOPLIST_FILE = YES;
				INFOPLIST_KEY_CFBundleDisplayName = "라이어게임";
				INFOPLIST_KEY_LSApplicationCategoryType = "public.app-category.family-games";
				INFOPLIST_KEY_UIApplicationSceneManifest_Generation = YES;
				INFOPLIST_KEY_UIApplicationSupportsIndirectInputEvents = YES;
				INFOPLIST_KEY_UILaunchScreen_Generation = YES;
				INFOPLIST_KEY_UISupportedInterfaceOrientations = UIInterfaceOrientationPortrait;
				INFOPLIST_KEY_UISupportedInterfaceOrientations_iPad = "UIInterfaceOrientationLandscapeLeft UIInterfaceOrientationLandscapeRight UIInterfaceOrientationPortrait UIInterfaceOrientationPortraitUpsideDown";
				LD_RUNPATH_SEARCH_PATHS = (
					"$(inherited)",
					"@executable_path/Frameworks",
				);
				MARKETING_VERSION = 1.1;
				PRODUCT_BUNDLE_IDENTIFIER = minseong.LiarGame;
				PRODUCT_NAME = "$(TARGET_NAME)";
				SWIFT_EMIT_LOC_STRINGS = YES;
				SWIFT_VERSION = 5.0;
				TARGETED_DEVICE_FAMILY = "1,2";
			};
			name = Release;
		};
/* End XCBuildConfiguration section */

/* Begin XCConfigurationList section */
		1F2993CE286D9F5100A044F7 /* Build configuration list for PBXProject "LiarGame" */ = {
			isa = XCConfigurationList;
			buildConfigurations = (
				1F2993DF286D9F5300A044F7 /* Debug */,
				1F2993E0286D9F5300A044F7 /* Release */,
			);
			defaultConfigurationIsVisible = 0;
			defaultConfigurationName = Release;
		};
		1F2993E1286D9F5300A044F7 /* Build configuration list for PBXNativeTarget "LiarGame" */ = {
			isa = XCConfigurationList;
			buildConfigurations = (
				1F2993E2286D9F5300A044F7 /* Debug */,
				1F2993E3286D9F5300A044F7 /* Release */,
			);
			defaultConfigurationIsVisible = 0;
			defaultConfigurationName = Release;
		};
/* End XCConfigurationList section */

/* Begin XCRemoteSwiftPackageReference section */
		1F68567C28730A53002AA0D4 /* XCRemoteSwiftPackageReference "lottie-ios" */ = {
			isa = XCRemoteSwiftPackageReference;
			repositoryURL = "https://github.com/airbnb/lottie-ios.git";
			requirement = {
				kind = upToNextMajorVersion;
				minimumVersion = 3.0.0;
			};
		};
/* End XCRemoteSwiftPackageReference section */

/* Begin XCSwiftPackageProductDependency section */
		1F68567D28730A53002AA0D4 /* Lottie */ = {
			isa = XCSwiftPackageProductDependency;
			package = 1F68567C28730A53002AA0D4 /* XCRemoteSwiftPackageReference "lottie-ios" */;
			productName = Lottie;
		};
/* End XCSwiftPackageProductDependency section */
	};
	rootObject = 1F2993CB286D9F5100A044F7 /* Project object */;
}
