// !$*UTF8*$!
{
	archiveVersion = 1;
	classes = {
	};
	objectVersion = 55;
	objects = {

/* Begin PBXBuildFile section */
		1F03F72D2977D90C00D58A2C /* User.swift in Sources */ = {isa = PBXBuildFile; fileRef = 1F03F72C2977D90C00D58A2C /* User.swift */; };
		1F03F72F2977DBBC00D58A2C /* RollTableView.swift in Sources */ = {isa = PBXBuildFile; fileRef = 1F03F72E2977DBBC00D58A2C /* RollTableView.swift */; };
		1F03F73229780FD200D58A2C /* MyButton.swift in Sources */ = {isa = PBXBuildFile; fileRef = 1F03F73129780FD200D58A2C /* MyButton.swift */; };
		1F03F7342978158D00D58A2C /* HalfSheet.swift in Sources */ = {isa = PBXBuildFile; fileRef = 1F03F7332978158D00D58A2C /* HalfSheet.swift */; };
		1F03F737297900C800D58A2C /* ticktock.mp3 in Resources */ = {isa = PBXBuildFile; fileRef = 1F03F736297900C800D58A2C /* ticktock.mp3 */; };
		1F03F739297900F800D58A2C /* bell.mp3 in Resources */ = {isa = PBXBuildFile; fileRef = 1F03F738297900F800D58A2C /* bell.mp3 */; };
		1F03F73B2979010F00D58A2C /* SoundManager.swift in Sources */ = {isa = PBXBuildFile; fileRef = 1F03F73A2979010F00D58A2C /* SoundManager.swift */; };
		1F03F7412979287000D58A2C /* hooray.mp3 in Resources */ = {isa = PBXBuildFile; fileRef = 1F03F7402979287000D58A2C /* hooray.mp3 */; };
		1F03F74329792C8A00D58A2C /* noitsnot.mp3 in Resources */ = {isa = PBXBuildFile; fileRef = 1F03F74229792C8A00D58A2C /* noitsnot.mp3 */; };
		1F03F7452979300800D58A2C /* trumpet.mp3 in Resources */ = {isa = PBXBuildFile; fileRef = 1F03F7442979300800D58A2C /* trumpet.mp3 */; };
		1F03F74729794E2E00D58A2C /* laugh.mp3 in Resources */ = {isa = PBXBuildFile; fileRef = 1F03F74629794E2E00D58A2C /* laugh.mp3 */; };
		1F27E04429A65A440003EBB8 /* Toast.swift in Sources */ = {isa = PBXBuildFile; fileRef = 1F27E04329A65A440003EBB8 /* Toast.swift */; };
		1F2993D7286D9F5100A044F7 /* LiarGameApp.swift in Sources */ = {isa = PBXBuildFile; fileRef = 1F2993D6286D9F5100A044F7 /* LiarGameApp.swift */; };
		1F2993DB286D9F5300A044F7 /* Assets.xcassets in Resources */ = {isa = PBXBuildFile; fileRef = 1F2993DA286D9F5300A044F7 /* Assets.xcassets */; };
		1F2993DE286D9F5300A044F7 /* Preview Assets.xcassets in Resources */ = {isa = PBXBuildFile; fileRef = 1F2993DD286D9F5300A044F7 /* Preview Assets.xcassets */; };
		1F2993E5286D9FB200A044F7 /* SettingView.swift in Sources */ = {isa = PBXBuildFile; fileRef = 1F2993E4286D9FB200A044F7 /* SettingView.swift */; };
		1F29940C286EDD9200A044F7 /* IntroView.swift in Sources */ = {isa = PBXBuildFile; fileRef = 1F29940B286EDD9200A044F7 /* IntroView.swift */; };
		1F29940E286F0A5500A044F7 /* ChoiceView.swift in Sources */ = {isa = PBXBuildFile; fileRef = 1F29940D286F0A5500A044F7 /* ChoiceView.swift */; };
		1F4BAB2229717BCE007CCF6A /* Game.swift in Sources */ = {isa = PBXBuildFile; fileRef = 1F4BAB2129717BCE007CCF6A /* Game.swift */; };
		1F4BAB2829718928007CCF6A /* LinkNavigator in Frameworks */ = {isa = PBXBuildFile; productRef = 1F4BAB2729718928007CCF6A /* LinkNavigator */; };
		1F4BAB2B2971896F007CCF6A /* AppDependency.swift in Sources */ = {isa = PBXBuildFile; fileRef = 1F4BAB2A2971896F007CCF6A /* AppDependency.swift */; };
		1F4BAB2D29718996007CCF6A /* AppRouterGroup.swift in Sources */ = {isa = PBXBuildFile; fileRef = 1F4BAB2C29718996007CCF6A /* AppRouterGroup.swift */; };
		1F4BAB2F297189C3007CCF6A /* AppDelegate.swift in Sources */ = {isa = PBXBuildFile; fileRef = 1F4BAB2E297189C3007CCF6A /* AppDelegate.swift */; };
		1F4BAB3129719993007CCF6A /* IntroViewModel.swift in Sources */ = {isa = PBXBuildFile; fileRef = 1F4BAB3029719993007CCF6A /* IntroViewModel.swift */; };
		1F4BAB352971C935007CCF6A /* Laughing.json in Resources */ = {isa = PBXBuildFile; fileRef = 1F4BAB342971C935007CCF6A /* Laughing.json */; };
		1F4BAB392971D62C007CCF6A /* Dance.json in Resources */ = {isa = PBXBuildFile; fileRef = 1F4BAB382971D62C007CCF6A /* Dance.json */; };
		1F4BAB3D2971D827007CCF6A /* Twerking.json in Resources */ = {isa = PBXBuildFile; fileRef = 1F4BAB3C2971D827007CCF6A /* Twerking.json */; };
		1F650EFA29A7828E00F44E77 /* Localizable.strings in Resources */ = {isa = PBXBuildFile; fileRef = 1F650EFC29A7828E00F44E77 /* Localizable.strings */; };
		1F650F0329A7883500F44E77 /* String+.swift in Sources */ = {isa = PBXBuildFile; fileRef = 1F650F0229A7883500F44E77 /* String+.swift */; };
		1F6856792872ED02002AA0D4 /* ResultView.swift in Sources */ = {isa = PBXBuildFile; fileRef = 1F6856782872ED02002AA0D4 /* ResultView.swift */; };
		1F68567B2873093D002AA0D4 /* LottieView.swift in Sources */ = {isa = PBXBuildFile; fileRef = 1F68567A2873093D002AA0D4 /* LottieView.swift */; };
		1F68567E28730A53002AA0D4 /* Lottie in Frameworks */ = {isa = PBXBuildFile; productRef = 1F68567D28730A53002AA0D4 /* Lottie */; };
		1F685682287311A9002AA0D4 /* lose.json in Resources */ = {isa = PBXBuildFile; fileRef = 1F685681287311A9002AA0D4 /* lose.json */; };
		1F68568628731697002AA0D4 /* LastChanceView.swift in Sources */ = {isa = PBXBuildFile; fileRef = 1F68568528731697002AA0D4 /* LastChanceView.swift */; };
		1F68568828734730002AA0D4 /* wrong.json in Resources */ = {isa = PBXBuildFile; fileRef = 1F68568728734730002AA0D4 /* wrong.json */; };
		1FD2E52029A5244200F473FA /* SystemView.swift in Sources */ = {isa = PBXBuildFile; fileRef = 1FD2E51F29A5244200F473FA /* SystemView.swift */; };
		1FD42B7029A3842F000336F5 /* KeywordSettingView.swift in Sources */ = {isa = PBXBuildFile; fileRef = 1FD42B6F29A3842F000336F5 /* KeywordSettingView.swift */; };
		1FD42B7929A3A239000336F5 /* Game+.swift in Sources */ = {isa = PBXBuildFile; fileRef = 1FD42B7829A3A239000336F5 /* Game+.swift */; };
		1FD42B7B29A3A337000336F5 /* Keyword.swift in Sources */ = {isa = PBXBuildFile; fileRef = 1FD42B7A29A3A337000336F5 /* Keyword.swift */; };
		1FD42B7D29A3BEA4000336F5 /* CustomView.swift in Sources */ = {isa = PBXBuildFile; fileRef = 1FD42B7C29A3BEA4000336F5 /* CustomView.swift */; };
/* End PBXBuildFile section */

/* Begin PBXFileReference section */
		1F03F72C2977D90C00D58A2C /* User.swift */ = {isa = PBXFileReference; lastKnownFileType = sourcecode.swift; path = User.swift; sourceTree = "<group>"; };
		1F03F72E2977DBBC00D58A2C /* RollTableView.swift */ = {isa = PBXFileReference; lastKnownFileType = sourcecode.swift; path = RollTableView.swift; sourceTree = "<group>"; };
		1F03F73129780FD200D58A2C /* MyButton.swift */ = {isa = PBXFileReference; lastKnownFileType = sourcecode.swift; path = MyButton.swift; sourceTree = "<group>"; };
		1F03F7332978158D00D58A2C /* HalfSheet.swift */ = {isa = PBXFileReference; lastKnownFileType = sourcecode.swift; path = HalfSheet.swift; sourceTree = "<group>"; };
		1F03F736297900C800D58A2C /* ticktock.mp3 */ = {isa = PBXFileReference; lastKnownFileType = audio.mp3; path = ticktock.mp3; sourceTree = "<group>"; };
		1F03F738297900F800D58A2C /* bell.mp3 */ = {isa = PBXFileReference; lastKnownFileType = audio.mp3; path = bell.mp3; sourceTree = "<group>"; };
		1F03F73A2979010F00D58A2C /* SoundManager.swift */ = {isa = PBXFileReference; lastKnownFileType = sourcecode.swift; path = SoundManager.swift; sourceTree = "<group>"; };
		1F03F7402979287000D58A2C /* hooray.mp3 */ = {isa = PBXFileReference; lastKnownFileType = audio.mp3; path = hooray.mp3; sourceTree = "<group>"; };
		1F03F74229792C8A00D58A2C /* noitsnot.mp3 */ = {isa = PBXFileReference; lastKnownFileType = audio.mp3; path = noitsnot.mp3; sourceTree = "<group>"; };
		1F03F7442979300800D58A2C /* trumpet.mp3 */ = {isa = PBXFileReference; lastKnownFileType = audio.mp3; path = trumpet.mp3; sourceTree = "<group>"; };
		1F03F74629794E2E00D58A2C /* laugh.mp3 */ = {isa = PBXFileReference; lastKnownFileType = audio.mp3; path = laugh.mp3; sourceTree = "<group>"; };
		1F27E04329A65A440003EBB8 /* Toast.swift */ = {isa = PBXFileReference; lastKnownFileType = sourcecode.swift; path = Toast.swift; sourceTree = "<group>"; };
		1F2993D3286D9F5100A044F7 /* LiarGame.app */ = {isa = PBXFileReference; explicitFileType = wrapper.application; includeInIndex = 0; path = LiarGame.app; sourceTree = BUILT_PRODUCTS_DIR; };
		1F2993D6286D9F5100A044F7 /* LiarGameApp.swift */ = {isa = PBXFileReference; lastKnownFileType = sourcecode.swift; path = LiarGameApp.swift; sourceTree = "<group>"; };
		1F2993DA286D9F5300A044F7 /* Assets.xcassets */ = {isa = PBXFileReference; lastKnownFileType = folder.assetcatalog; path = Assets.xcassets; sourceTree = "<group>"; };
		1F2993DD286D9F5300A044F7 /* Preview Assets.xcassets */ = {isa = PBXFileReference; lastKnownFileType = folder.assetcatalog; path = "Preview Assets.xcassets"; sourceTree = "<group>"; };
		1F2993E4286D9FB200A044F7 /* SettingView.swift */ = {isa = PBXFileReference; lastKnownFileType = sourcecode.swift; path = SettingView.swift; sourceTree = "<group>"; };
		1F29940B286EDD9200A044F7 /* IntroView.swift */ = {isa = PBXFileReference; lastKnownFileType = sourcecode.swift; path = IntroView.swift; sourceTree = "<group>"; };
		1F29940D286F0A5500A044F7 /* ChoiceView.swift */ = {isa = PBXFileReference; lastKnownFileType = sourcecode.swift; path = ChoiceView.swift; sourceTree = "<group>"; };
		1F4BAB2129717BCE007CCF6A /* Game.swift */ = {isa = PBXFileReference; lastKnownFileType = sourcecode.swift; path = Game.swift; sourceTree = "<group>"; };
		1F4BAB2A2971896F007CCF6A /* AppDependency.swift */ = {isa = PBXFileReference; lastKnownFileType = sourcecode.swift; path = AppDependency.swift; sourceTree = "<group>"; };
		1F4BAB2C29718996007CCF6A /* AppRouterGroup.swift */ = {isa = PBXFileReference; lastKnownFileType = sourcecode.swift; path = AppRouterGroup.swift; sourceTree = "<group>"; };
		1F4BAB2E297189C3007CCF6A /* AppDelegate.swift */ = {isa = PBXFileReference; lastKnownFileType = sourcecode.swift; path = AppDelegate.swift; sourceTree = "<group>"; };
		1F4BAB3029719993007CCF6A /* IntroViewModel.swift */ = {isa = PBXFileReference; lastKnownFileType = sourcecode.swift; path = IntroViewModel.swift; sourceTree = "<group>"; };
		1F4BAB342971C935007CCF6A /* Laughing.json */ = {isa = PBXFileReference; fileEncoding = 4; lastKnownFileType = text.json; path = Laughing.json; sourceTree = "<group>"; };
		1F4BAB382971D62C007CCF6A /* Dance.json */ = {isa = PBXFileReference; fileEncoding = 4; lastKnownFileType = text.json; path = Dance.json; sourceTree = "<group>"; };
		1F4BAB3C2971D827007CCF6A /* Twerking.json */ = {isa = PBXFileReference; fileEncoding = 4; lastKnownFileType = text.json; path = Twerking.json; sourceTree = "<group>"; };
		1F650EFB29A7828E00F44E77 /* en */ = {isa = PBXFileReference; lastKnownFileType = text.plist.strings; name = en; path = en.lproj/Localizable.strings; sourceTree = "<group>"; };
		1F650EFD29A7829500F44E77 /* zh-Hans */ = {isa = PBXFileReference; lastKnownFileType = text.plist.strings; name = "zh-Hans"; path = "zh-Hans.lproj/Localizable.strings"; sourceTree = "<group>"; };
		1F650EFE29A7829700F44E77 /* de */ = {isa = PBXFileReference; lastKnownFileType = text.plist.strings; name = de; path = de.lproj/Localizable.strings; sourceTree = "<group>"; };
		1F650EFF29A7829900F44E77 /* ja */ = {isa = PBXFileReference; lastKnownFileType = text.plist.strings; name = ja; path = ja.lproj/Localizable.strings; sourceTree = "<group>"; };
		1F650F0029A7829900F44E77 /* ko */ = {isa = PBXFileReference; lastKnownFileType = text.plist.strings; name = ko; path = ko.lproj/Localizable.strings; sourceTree = "<group>"; };
		1F650F0229A7883500F44E77 /* String+.swift */ = {isa = PBXFileReference; lastKnownFileType = sourcecode.swift; path = "String+.swift"; sourceTree = "<group>"; };
		1F6856782872ED02002AA0D4 /* ResultView.swift */ = {isa = PBXFileReference; lastKnownFileType = sourcecode.swift; path = ResultView.swift; sourceTree = "<group>"; };
		1F68567A2873093D002AA0D4 /* LottieView.swift */ = {isa = PBXFileReference; lastKnownFileType = sourcecode.swift; path = LottieView.swift; sourceTree = "<group>"; };
		1F685681287311A9002AA0D4 /* lose.json */ = {isa = PBXFileReference; fileEncoding = 4; lastKnownFileType = text.json; path = lose.json; sourceTree = "<group>"; };
		1F68568528731697002AA0D4 /* LastChanceView.swift */ = {isa = PBXFileReference; lastKnownFileType = sourcecode.swift; path = LastChanceView.swift; sourceTree = "<group>"; };
		1F68568728734730002AA0D4 /* wrong.json */ = {isa = PBXFileReference; fileEncoding = 4; lastKnownFileType = text.json; path = wrong.json; sourceTree = "<group>"; };
		1FD2E51F29A5244200F473FA /* SystemView.swift */ = {isa = PBXFileReference; lastKnownFileType = sourcecode.swift; path = SystemView.swift; sourceTree = "<group>"; };
		1FD42B6F29A3842F000336F5 /* KeywordSettingView.swift */ = {isa = PBXFileReference; lastKnownFileType = sourcecode.swift; path = KeywordSettingView.swift; sourceTree = "<group>"; };
		1FD42B7829A3A239000336F5 /* Game+.swift */ = {isa = PBXFileReference; lastKnownFileType = sourcecode.swift; path = "Game+.swift"; sourceTree = "<group>"; };
		1FD42B7A29A3A337000336F5 /* Keyword.swift */ = {isa = PBXFileReference; lastKnownFileType = sourcecode.swift; path = Keyword.swift; sourceTree = "<group>"; };
		1FD42B7C29A3BEA4000336F5 /* CustomView.swift */ = {isa = PBXFileReference; lastKnownFileType = sourcecode.swift; path = CustomView.swift; sourceTree = "<group>"; };
		1FF3B91A2940D3300057ED8C /* Info.plist */ = {isa = PBXFileReference; lastKnownFileType = text.plist; path = Info.plist; sourceTree = "<group>"; };
/* End PBXFileReference section */

/* Begin PBXFrameworksBuildPhase section */
		1F2993D0286D9F5100A044F7 /* Frameworks */ = {
			isa = PBXFrameworksBuildPhase;
			buildActionMask = 2147483647;
			files = (
				1F4BAB2829718928007CCF6A /* LinkNavigator in Frameworks */,
				1F68567E28730A53002AA0D4 /* Lottie in Frameworks */,
			);
			runOnlyForDeploymentPostprocessing = 0;
		};
/* End PBXFrameworksBuildPhase section */

/* Begin PBXGroup section */
		1F03F72B2977D8F200D58A2C /* Model */ = {
			isa = PBXGroup;
			children = (
				1F03F72C2977D90C00D58A2C /* User.swift */,
			);
			path = Model;
			sourceTree = "<group>";
		};
		1F03F73029780FAC00D58A2C /* Extension */ = {
			isa = PBXGroup;
			children = (
				1F650F0129A7880A00F44E77 /* String */,
				1FD42B7529A39E3E000336F5 /* View */,
			);
			path = Extension;
			sourceTree = "<group>";
		};
		1F03F735297900A500D58A2C /* SoundEffect */ = {
			isa = PBXGroup;
			children = (
				1F03F73A2979010F00D58A2C /* SoundManager.swift */,
				1F03F736297900C800D58A2C /* ticktock.mp3 */,
				1F03F738297900F800D58A2C /* bell.mp3 */,
				1F03F7402979287000D58A2C /* hooray.mp3 */,
				1F03F74629794E2E00D58A2C /* laugh.mp3 */,
				1F03F74229792C8A00D58A2C /* noitsnot.mp3 */,
				1F03F7442979300800D58A2C /* trumpet.mp3 */,
			);
			path = SoundEffect;
			sourceTree = "<group>";
		};
		1F2993CA286D9F5100A044F7 = {
			isa = PBXGroup;
			children = (
				1F2993D5286D9F5100A044F7 /* LiarGame */,
				1F2993D4286D9F5100A044F7 /* Products */,
			);
			sourceTree = "<group>";
		};
		1F2993D4286D9F5100A044F7 /* Products */ = {
			isa = PBXGroup;
			children = (
				1F2993D3286D9F5100A044F7 /* LiarGame.app */,
			);
			name = Products;
			sourceTree = "<group>";
		};
		1F2993D5286D9F5100A044F7 /* LiarGame */ = {
			isa = PBXGroup;
			children = (
				1F4BAB2E297189C3007CCF6A /* AppDelegate.swift */,
				1F2993D6286D9F5100A044F7 /* LiarGameApp.swift */,
				1FF3B91A2940D3300057ED8C /* Info.plist */,
				1F4BAB17297173A7007CCF6A /* Scenes */,
				1F4BAB1E297174D1007CCF6A /* Environment */,
				1F03F72B2977D8F200D58A2C /* Model */,
				1F4BAB292971893B007CCF6A /* LinkNavigator */,
				1FD42B7629A39E7E000336F5 /* Resources */,
				1F03F73029780FAC00D58A2C /* Extension */,
				1F2993DA286D9F5300A044F7 /* Assets.xcassets */,
				1F2993DC286D9F5300A044F7 /* Preview Content */,
				1F650EFC29A7828E00F44E77 /* Localizable.strings */,
			);
			path = LiarGame;
			sourceTree = "<group>";
		};
		1F2993DC286D9F5300A044F7 /* Preview Content */ = {
			isa = PBXGroup;
			children = (
				1F2993DD286D9F5300A044F7 /* Preview Assets.xcassets */,
			);
			path = "Preview Content";
			sourceTree = "<group>";
		};
		1F4BAB17297173A7007CCF6A /* Scenes */ = {
			isa = PBXGroup;
			children = (
				1FD42B7129A39098000336F5 /* Settings */,
				1FD42B7429A397AD000336F5 /* Stages */,
			);
			path = Scenes;
			sourceTree = "<group>";
		};
		1F4BAB18297173BD007CCF6A /* Lotties */ = {
			isa = PBXGroup;
			children = (
				1F68567A2873093D002AA0D4 /* LottieView.swift */,
				1F4BAB3C2971D827007CCF6A /* Twerking.json */,
				1F4BAB382971D62C007CCF6A /* Dance.json */,
				1F4BAB342971C935007CCF6A /* Laughing.json */,
				1F68568728734730002AA0D4 /* wrong.json */,
				1F685681287311A9002AA0D4 /* lose.json */,
			);
			path = Lotties;
			sourceTree = "<group>";
		};
		1F4BAB1E297174D1007CCF6A /* Environment */ = {
			isa = PBXGroup;
			children = (
				1F4BAB2129717BCE007CCF6A /* Game.swift */,
				1FD42B7829A3A239000336F5 /* Game+.swift */,
				1FD42B7A29A3A337000336F5 /* Keyword.swift */,
			);
			path = Environment;
			sourceTree = "<group>";
		};
		1F4BAB292971893B007CCF6A /* LinkNavigator */ = {
			isa = PBXGroup;
			children = (
				1F4BAB2A2971896F007CCF6A /* AppDependency.swift */,
				1F4BAB2C29718996007CCF6A /* AppRouterGroup.swift */,
			);
			path = LinkNavigator;
			sourceTree = "<group>";
		};
		1F650F0129A7880A00F44E77 /* String */ = {
			isa = PBXGroup;
			children = (
				1F650F0229A7883500F44E77 /* String+.swift */,
			);
			path = String;
			sourceTree = "<group>";
		};
		1FD42B7129A39098000336F5 /* Settings */ = {
			isa = PBXGroup;
			children = (
				1F2993E4286D9FB200A044F7 /* SettingView.swift */,
				1FD42B6F29A3842F000336F5 /* KeywordSettingView.swift */,
				1FD2E51F29A5244200F473FA /* SystemView.swift */,
				1FD42B7C29A3BEA4000336F5 /* CustomView.swift */,
			);
			path = Settings;
			sourceTree = "<group>";
		};
		1FD42B7429A397AD000336F5 /* Stages */ = {
			isa = PBXGroup;
			children = (
				1F29940B286EDD9200A044F7 /* IntroView.swift */,
				1F4BAB3029719993007CCF6A /* IntroViewModel.swift */,
				1F29940D286F0A5500A044F7 /* ChoiceView.swift */,
				1F68568528731697002AA0D4 /* LastChanceView.swift */,
				1F6856782872ED02002AA0D4 /* ResultView.swift */,
				1F03F72E2977DBBC00D58A2C /* RollTableView.swift */,
			);
			path = Stages;
			sourceTree = "<group>";
		};
		1FD42B7529A39E3E000336F5 /* View */ = {
			isa = PBXGroup;
			children = (
				1F03F73129780FD200D58A2C /* MyButton.swift */,
				1F03F7332978158D00D58A2C /* HalfSheet.swift */,
				1F27E04329A65A440003EBB8 /* Toast.swift */,
			);
			path = View;
			sourceTree = "<group>";
		};
		1FD42B7629A39E7E000336F5 /* Resources */ = {
			isa = PBXGroup;
			children = (
				1F4BAB18297173BD007CCF6A /* Lotties */,
				1F03F735297900A500D58A2C /* SoundEffect */,
			);
			path = Resources;
			sourceTree = "<group>";
		};
/* End PBXGroup section */

/* Begin PBXNativeTarget section */
		1F2993D2286D9F5100A044F7 /* LiarGame */ = {
			isa = PBXNativeTarget;
			buildConfigurationList = 1F2993E1286D9F5300A044F7 /* Build configuration list for PBXNativeTarget "LiarGame" */;
			buildPhases = (
				1F2993CF286D9F5100A044F7 /* Sources */,
				1F2993D0286D9F5100A044F7 /* Frameworks */,
				1F2993D1286D9F5100A044F7 /* Resources */,
			);
			buildRules = (
			);
			dependencies = (
			);
			name = LiarGame;
			packageProductDependencies = (
				1F68567D28730A53002AA0D4 /* Lottie */,
				1F4BAB2729718928007CCF6A /* LinkNavigator */,
			);
			productName = LiarGame;
			productReference = 1F2993D3286D9F5100A044F7 /* LiarGame.app */;
			productType = "com.apple.product-type.application";
		};
/* End PBXNativeTarget section */

/* Begin PBXProject section */
		1F2993CB286D9F5100A044F7 /* Project object */ = {
			isa = PBXProject;
			attributes = {
				BuildIndependentTargetsInParallel = 1;
				LastSwiftUpdateCheck = 1340;
				LastUpgradeCheck = 1340;
				TargetAttributes = {
					1F2993D2286D9F5100A044F7 = {
						CreatedOnToolsVersion = 13.4;
					};
				};
			};
			buildConfigurationList = 1F2993CE286D9F5100A044F7 /* Build configuration list for PBXProject "LiarGame" */;
			compatibilityVersion = "Xcode 13.0";
			developmentRegion = en;
			hasScannedForEncodings = 0;
			knownRegions = (
				en,
				Base,
				ko,
				ja,
				"zh-Hans",
				de,
			);
			mainGroup = 1F2993CA286D9F5100A044F7;
			packageReferences = (
				1F68567C28730A53002AA0D4 /* XCRemoteSwiftPackageReference "lottie-ios" */,
				1F4BAB2629718928007CCF6A /* XCRemoteSwiftPackageReference "LinkNavigator" */,
			);
			productRefGroup = 1F2993D4286D9F5100A044F7 /* Products */;
			projectDirPath = "";
			projectRoot = "";
			targets = (
				1F2993D2286D9F5100A044F7 /* LiarGame */,
			);
		};
/* End PBXProject section */

/* Begin PBXResourcesBuildPhase section */
		1F2993D1286D9F5100A044F7 /* Resources */ = {
			isa = PBXResourcesBuildPhase;
			buildActionMask = 2147483647;
			files = (
				1F03F74329792C8A00D58A2C /* noitsnot.mp3 in Resources */,
				1F68568828734730002AA0D4 /* wrong.json in Resources */,
				1F03F74729794E2E00D58A2C /* laugh.mp3 in Resources */,
				1F650EFA29A7828E00F44E77 /* Localizable.strings in Resources */,
				1F4BAB352971C935007CCF6A /* Laughing.json in Resources */,
				1F03F739297900F800D58A2C /* bell.mp3 in Resources */,
				1F685682287311A9002AA0D4 /* lose.json in Resources */,
				1F4BAB392971D62C007CCF6A /* Dance.json in Resources */,
				1F03F7412979287000D58A2C /* hooray.mp3 in Resources */,
				1F2993DE286D9F5300A044F7 /* Preview Assets.xcassets in Resources */,
				1F2993DB286D9F5300A044F7 /* Assets.xcassets in Resources */,
				1F03F737297900C800D58A2C /* ticktock.mp3 in Resources */,
				1F03F7452979300800D58A2C /* trumpet.mp3 in Resources */,
				1F4BAB3D2971D827007CCF6A /* Twerking.json in Resources */,
			);
			runOnlyForDeploymentPostprocessing = 0;
		};
/* End PBXResourcesBuildPhase section */

/* Begin PBXSourcesBuildPhase section */
		1F2993CF286D9F5100A044F7 /* Sources */ = {
			isa = PBXSourcesBuildPhase;
			buildActionMask = 2147483647;
			files = (
				1F03F72D2977D90C00D58A2C /* User.swift in Sources */,
				1F2993E5286D9FB200A044F7 /* SettingView.swift in Sources */,
				1F03F73229780FD200D58A2C /* MyButton.swift in Sources */,
				1FD42B7029A3842F000336F5 /* KeywordSettingView.swift in Sources */,
				1F29940E286F0A5500A044F7 /* ChoiceView.swift in Sources */,
				1F2993D7286D9F5100A044F7 /* LiarGameApp.swift in Sources */,
				1FD42B7D29A3BEA4000336F5 /* CustomView.swift in Sources */,
				1F4BAB2F297189C3007CCF6A /* AppDelegate.swift in Sources */,
				1F4BAB2B2971896F007CCF6A /* AppDependency.swift in Sources */,
				1F4BAB3129719993007CCF6A /* IntroViewModel.swift in Sources */,
				1F650F0329A7883500F44E77 /* String+.swift in Sources */,
				1F4BAB2229717BCE007CCF6A /* Game.swift in Sources */,
				1F03F72F2977DBBC00D58A2C /* RollTableView.swift in Sources */,
				1F6856792872ED02002AA0D4 /* ResultView.swift in Sources */,
				1F4BAB2D29718996007CCF6A /* AppRouterGroup.swift in Sources */,
				1FD42B7B29A3A337000336F5 /* Keyword.swift in Sources */,
				1F29940C286EDD9200A044F7 /* IntroView.swift in Sources */,
				1FD42B7929A3A239000336F5 /* Game+.swift in Sources */,
				1FD2E52029A5244200F473FA /* SystemView.swift in Sources */,
				1F68567B2873093D002AA0D4 /* LottieView.swift in Sources */,
				1F03F7342978158D00D58A2C /* HalfSheet.swift in Sources */,
				1F68568628731697002AA0D4 /* LastChanceView.swift in Sources */,
				1F27E04429A65A440003EBB8 /* Toast.swift in Sources */,
				1F03F73B2979010F00D58A2C /* SoundManager.swift in Sources */,
			);
			runOnlyForDeploymentPostprocessing = 0;
		};
/* End PBXSourcesBuildPhase section */

/* Begin PBXVariantGroup section */
		1F650EFC29A7828E00F44E77 /* Localizable.strings */ = {
			isa = PBXVariantGroup;
			children = (
				1F650EFB29A7828E00F44E77 /* en */,
				1F650EFD29A7829500F44E77 /* zh-Hans */,
				1F650EFE29A7829700F44E77 /* de */,
				1F650EFF29A7829900F44E77 /* ja */,
				1F650F0029A7829900F44E77 /* ko */,
			);
			name = Localizable.strings;
			sourceTree = "<group>";
		};
/* End PBXVariantGroup section */

/* Begin XCBuildConfiguration section */
		1F2993DF286D9F5300A044F7 /* Debug */ = {
			isa = XCBuildConfiguration;
			buildSettings = {
				ALWAYS_SEARCH_USER_PATHS = NO;
				CLANG_ANALYZER_NONNULL = YES;
				CLANG_ANALYZER_NUMBER_OBJECT_CONVERSION = YES_AGGRESSIVE;
				CLANG_CXX_LANGUAGE_STANDARD = "gnu++17";
				CLANG_ENABLE_MODULES = YES;
				CLANG_ENABLE_OBJC_ARC = YES;
				CLANG_ENABLE_OBJC_WEAK = YES;
				CLANG_WARN_BLOCK_CAPTURE_AUTORELEASING = YES;
				CLANG_WARN_BOOL_CONVERSION = YES;
				CLANG_WARN_COMMA = YES;
				CLANG_WARN_CONSTANT_CONVERSION = YES;
				CLANG_WARN_DEPRECATED_OBJC_IMPLEMENTATIONS = YES;
				CLANG_WARN_DIRECT_OBJC_ISA_USAGE = YES_ERROR;
				CLANG_WARN_DOCUMENTATION_COMMENTS = YES;
				CLANG_WARN_EMPTY_BODY = YES;
				CLANG_WARN_ENUM_CONVERSION = YES;
				CLANG_WARN_INFINITE_RECURSION = YES;
				CLANG_WARN_INT_CONVERSION = YES;
				CLANG_WARN_NON_LITERAL_NULL_CONVERSION = YES;
				CLANG_WARN_OBJC_IMPLICIT_RETAIN_SELF = YES;
				CLANG_WARN_OBJC_LITERAL_CONVERSION = YES;
				CLANG_WARN_OBJC_ROOT_CLASS = YES_ERROR;
				CLANG_WARN_QUOTED_INCLUDE_IN_FRAMEWORK_HEADER = YES;
				CLANG_WARN_RANGE_LOOP_ANALYSIS = YES;
				CLANG_WARN_STRICT_PROTOTYPES = YES;
				CLANG_WARN_SUSPICIOUS_MOVE = YES;
				CLANG_WARN_UNGUARDED_AVAILABILITY = YES_AGGRESSIVE;
				CLANG_WARN_UNREACHABLE_CODE = YES;
				CLANG_WARN__DUPLICATE_METHOD_MATCH = YES;
				COPY_PHASE_STRIP = NO;
				DEBUG_INFORMATION_FORMAT = dwarf;
				ENABLE_STRICT_OBJC_MSGSEND = YES;
				ENABLE_TESTABILITY = YES;
				GCC_C_LANGUAGE_STANDARD = gnu11;
				GCC_DYNAMIC_NO_PIC = NO;
				GCC_NO_COMMON_BLOCKS = YES;
				GCC_OPTIMIZATION_LEVEL = 0;
				GCC_PREPROCESSOR_DEFINITIONS = (
					"DEBUG=1",
					"$(inherited)",
				);
				GCC_WARN_64_TO_32_BIT_CONVERSION = YES;
				GCC_WARN_ABOUT_RETURN_TYPE = YES_ERROR;
				GCC_WARN_UNDECLARED_SELECTOR = YES;
				GCC_WARN_UNINITIALIZED_AUTOS = YES_AGGRESSIVE;
				GCC_WARN_UNUSED_FUNCTION = YES;
				GCC_WARN_UNUSED_VARIABLE = YES;
				IPHONEOS_DEPLOYMENT_TARGET = 15.0;
				MTL_ENABLE_DEBUG_INFO = INCLUDE_SOURCE;
				MTL_FAST_MATH = YES;
				ONLY_ACTIVE_ARCH = YES;
				SDKROOT = iphoneos;
				SWIFT_ACTIVE_COMPILATION_CONDITIONS = DEBUG;
				SWIFT_OPTIMIZATION_LEVEL = "-Onone";
			};
			name = Debug;
		};
		1F2993E0286D9F5300A044F7 /* Release */ = {
			isa = XCBuildConfiguration;
			buildSettings = {
				ALWAYS_SEARCH_USER_PATHS = NO;
				CLANG_ANALYZER_NONNULL = YES;
				CLANG_ANALYZER_NUMBER_OBJECT_CONVERSION = YES_AGGRESSIVE;
				CLANG_CXX_LANGUAGE_STANDARD = "gnu++17";
				CLANG_ENABLE_MODULES = YES;
				CLANG_ENABLE_OBJC_ARC = YES;
				CLANG_ENABLE_OBJC_WEAK = YES;
				CLANG_WARN_BLOCK_CAPTURE_AUTORELEASING = YES;
				CLANG_WARN_BOOL_CONVERSION = YES;
				CLANG_WARN_COMMA = YES;
				CLANG_WARN_CONSTANT_CONVERSION = YES;
				CLANG_WARN_DEPRECATED_OBJC_IMPLEMENTATIONS = YES;
				CLANG_WARN_DIRECT_OBJC_ISA_USAGE = YES_ERROR;
				CLANG_WARN_DOCUMENTATION_COMMENTS = YES;
				CLANG_WARN_EMPTY_BODY = YES;
				CLANG_WARN_ENUM_CONVERSION = YES;
				CLANG_WARN_INFINITE_RECURSION = YES;
				CLANG_WARN_INT_CONVERSION = YES;
				CLANG_WARN_NON_LITERAL_NULL_CONVERSION = YES;
				CLANG_WARN_OBJC_IMPLICIT_RETAIN_SELF = YES;
				CLANG_WARN_OBJC_LITERAL_CONVERSION = YES;
				CLANG_WARN_OBJC_ROOT_CLASS = YES_ERROR;
				CLANG_WARN_QUOTED_INCLUDE_IN_FRAMEWORK_HEADER = YES;
				CLANG_WARN_RANGE_LOOP_ANALYSIS = YES;
				CLANG_WARN_STRICT_PROTOTYPES = YES;
				CLANG_WARN_SUSPICIOUS_MOVE = YES;
				CLANG_WARN_UNGUARDED_AVAILABILITY = YES_AGGRESSIVE;
				CLANG_WARN_UNREACHABLE_CODE = YES;
				CLANG_WARN__DUPLICATE_METHOD_MATCH = YES;
				COPY_PHASE_STRIP = NO;
				DEBUG_INFORMATION_FORMAT = "dwarf-with-dsym";
				ENABLE_NS_ASSERTIONS = NO;
				ENABLE_STRICT_OBJC_MSGSEND = YES;
				GCC_C_LANGUAGE_STANDARD = gnu11;
				GCC_NO_COMMON_BLOCKS = YES;
				GCC_WARN_64_TO_32_BIT_CONVERSION = YES;
				GCC_WARN_ABOUT_RETURN_TYPE = YES_ERROR;
				GCC_WARN_UNDECLARED_SELECTOR = YES;
				GCC_WARN_UNINITIALIZED_AUTOS = YES_AGGRESSIVE;
				GCC_WARN_UNUSED_FUNCTION = YES;
				GCC_WARN_UNUSED_VARIABLE = YES;
				IPHONEOS_DEPLOYMENT_TARGET = 15.0;
				MTL_ENABLE_DEBUG_INFO = NO;
				MTL_FAST_MATH = YES;
				SDKROOT = iphoneos;
				SWIFT_COMPILATION_MODE = wholemodule;
				SWIFT_OPTIMIZATION_LEVEL = "-O";
				VALIDATE_PRODUCT = YES;
			};
			name = Release;
		};
		1F2993E2286D9F5300A044F7 /* Debug */ = {
			isa = XCBuildConfiguration;
			buildSettings = {
				ASSETCATALOG_COMPILER_APPICON_NAME = AppIcon;
				ASSETCATALOG_COMPILER_GLOBAL_ACCENT_COLOR_NAME = AccentColor;
				CODE_SIGN_STYLE = Automatic;
				CURRENT_PROJECT_VERSION = 4;
				DEVELOPMENT_ASSET_PATHS = "\"LiarGame/Preview Content\"";
				DEVELOPMENT_TEAM = G3RC7ALRKZ;
				ENABLE_PREVIEWS = YES;
				GENERATE_INFOPLIST_FILE = YES;
				INFOPLIST_FILE = LiarGame/Info.plist;
				INFOPLIST_KEY_CFBundleDisplayName = "라이어게임";
				INFOPLIST_KEY_LSApplicationCategoryType = "public.app-category.family-games";
				INFOPLIST_KEY_UIApplicationSceneManifest_Generation = YES;
				INFOPLIST_KEY_UIApplicationSupportsIndirectInputEvents = YES;
				INFOPLIST_KEY_UILaunchScreen_Generation = YES;
				INFOPLIST_KEY_UISupportedInterfaceOrientations = UIInterfaceOrientationPortrait;
				INFOPLIST_KEY_UISupportedInterfaceOrientations_iPad = "UIInterfaceOrientationLandscapeLeft UIInterfaceOrientationLandscapeRight UIInterfaceOrientationPortrait UIInterfaceOrientationPortraitUpsideDown";
				LD_RUNPATH_SEARCH_PATHS = (
					"$(inherited)",
					"@executable_path/Frameworks",
				);
				MARKETING_VERSION = 1.3;
				PRODUCT_BUNDLE_IDENTIFIER = minseong.LiarGame;
				PRODUCT_NAME = "$(TARGET_NAME)";
				SWIFT_EMIT_LOC_STRINGS = YES;
				SWIFT_VERSION = 5.0;
				TARGETED_DEVICE_FAMILY = "1,2";
			};
			name = Debug;
		};
		1F2993E3286D9F5300A044F7 /* Release */ = {
			isa = XCBuildConfiguration;
			buildSettings = {
				ASSETCATALOG_COMPILER_APPICON_NAME = AppIcon;
				ASSETCATALOG_COMPILER_GLOBAL_ACCENT_COLOR_NAME = AccentColor;
				CODE_SIGN_STYLE = Automatic;
				CURRENT_PROJECT_VERSION = 4;
				DEVELOPMENT_ASSET_PATHS = "\"LiarGame/Preview Content\"";
				DEVELOPMENT_TEAM = G3RC7ALRKZ;
				ENABLE_PREVIEWS = YES;
				GENERATE_INFOPLIST_FILE = YES;
				INFOPLIST_FILE = LiarGame/Info.plist;
				INFOPLIST_KEY_CFBundleDisplayName = "라이어게임";
				INFOPLIST_KEY_LSApplicationCategoryType = "public.app-category.family-games";
				INFOPLIST_KEY_UIApplicationSceneManifest_Generation = YES;
				INFOPLIST_KEY_UIApplicationSupportsIndirectInputEvents = YES;
				INFOPLIST_KEY_UILaunchScreen_Generation = YES;
				INFOPLIST_KEY_UISupportedInterfaceOrientations = UIInterfaceOrientationPortrait;
				INFOPLIST_KEY_UISupportedInterfaceOrientations_iPad = "UIInterfaceOrientationLandscapeLeft UIInterfaceOrientationLandscapeRight UIInterfaceOrientationPortrait UIInterfaceOrientationPortraitUpsideDown";
				LD_RUNPATH_SEARCH_PATHS = (
					"$(inherited)",
					"@executable_path/Frameworks",
				);
				MARKETING_VERSION = 1.3;
				PRODUCT_BUNDLE_IDENTIFIER = minseong.LiarGame;
				PRODUCT_NAME = "$(TARGET_NAME)";
				SWIFT_EMIT_LOC_STRINGS = YES;
				SWIFT_VERSION = 5.0;
				TARGETED_DEVICE_FAMILY = "1,2";
			};
			name = Release;
		};
/* End XCBuildConfiguration section */

/* Begin XCConfigurationList section */
		1F2993CE286D9F5100A044F7 /* Build configuration list for PBXProject "LiarGame" */ = {
			isa = XCConfigurationList;
			buildConfigurations = (
				1F2993DF286D9F5300A044F7 /* Debug */,
				1F2993E0286D9F5300A044F7 /* Release */,
			);
			defaultConfigurationIsVisible = 0;
			defaultConfigurationName = Release;
		};
		1F2993E1286D9F5300A044F7 /* Build configuration list for PBXNativeTarget "LiarGame" */ = {
			isa = XCConfigurationList;
			buildConfigurations = (
				1F2993E2286D9F5300A044F7 /* Debug */,
				1F2993E3286D9F5300A044F7 /* Release */,
			);
			defaultConfigurationIsVisible = 0;
			defaultConfigurationName = Release;
		};
/* End XCConfigurationList section */

/* Begin XCRemoteSwiftPackageReference section */
		1F4BAB2629718928007CCF6A /* XCRemoteSwiftPackageReference "LinkNavigator" */ = {
			isa = XCRemoteSwiftPackageReference;
			repositoryURL = "https://github.com/interactord/LinkNavigator.git";
			requirement = {
				branch = main;
				kind = branch;
			};
		};
		1F68567C28730A53002AA0D4 /* XCRemoteSwiftPackageReference "lottie-ios" */ = {
			isa = XCRemoteSwiftPackageReference;
			repositoryURL = "https://github.com/airbnb/lottie-ios.git";
			requirement = {
				kind = upToNextMajorVersion;
				minimumVersion = 3.0.0;
			};
		};
/* End XCRemoteSwiftPackageReference section */

/* Begin XCSwiftPackageProductDependency section */
		1F4BAB2729718928007CCF6A /* LinkNavigator */ = {
			isa = XCSwiftPackageProductDependency;
			package = 1F4BAB2629718928007CCF6A /* XCRemoteSwiftPackageReference "LinkNavigator" */;
			productName = LinkNavigator;
		};
		1F68567D28730A53002AA0D4 /* Lottie */ = {
			isa = XCSwiftPackageProductDependency;
			package = 1F68567C28730A53002AA0D4 /* XCRemoteSwiftPackageReference "lottie-ios" */;
			productName = Lottie;
		};
/* End XCSwiftPackageProductDependency section */
	};
	rootObject = 1F2993CB286D9F5100A044F7 /* Project object */;
}
